
Microsoft Visual Studio Solution File, Format Version 12.00
# Visual Studio Version 16
VisualStudioVersion = 16.0.32413.511
MinimumVisualStudioVersion = 10.0.40219.1
Project("{9A19103F-16F7-4668-BE54-9A1E7A4F7556}") = "FeeCounterForLibrary", "FeeCounterForLibrary.csproj", "{A4E72FE2-1746-45BA-9E86-CAEC81F0FDCE}"
EndProject
Project("{FAE04EC0-301F-11D3-BF4B-00C04F79EFBC}") = "FeeCounterForLibrary_Tests", "..\Library_Tests\FeeCounterForLibrary_Tests.csproj", "{03354499-94E4-4581-9069-081592511A89}"
EndProject
Global
	GlobalSection(SolutionConfigurationPlatforms) = preSolution
		Debug|Any CPU = Debug|Any CPU
		Release|Any CPU = Release|Any CPU
	EndGlobalSection
	GlobalSection(ProjectConfigurationPlatforms) = postSolution
		{A4E72FE2-1746-45BA-9E86-CAEC81F0FDCE}.Debug|Any CPU.ActiveCfg = Debug|Any CPU
		{A4E72FE2-1746-45BA-9E86-CAEC81F0FDCE}.Debug|Any CPU.Build.0 = Debug|Any CPU
		{A4E72FE2-1746-45BA-9E86-CAEC81F0FDCE}.Release|Any CPU.ActiveCfg = Release|Any CPU
		{A4E72FE2-1746-45BA-9E86-CAEC81F0FDCE}.Release|Any CPU.Build.0 = Release|Any CPU
		{03354499-94E4-4581-9069-081592511A89}.Debug|Any CPU.ActiveCfg = Debug|Any CPU
		{03354499-94E4-4581-9069-081592511A89}.Debug|Any CPU.Build.0 = Debug|Any CPU
		{03354499-94E4-4581-9069-081592511A89}.Release|Any CPU.ActiveCfg = Release|Any CPU
		{03354499-94E4-4581-9069-081592511A89}.Release|Any CPU.Build.0 = Release|Any CPU
	EndGlobalSection
	GlobalSection(SolutionProperties) = preSolution
		HideSolutionNode = FALSE
	EndGlobalSection
	GlobalSection(ExtensibilityGlobals) = postSolution
		SolutionGuid = {D5A55670-362C-44E6-AA7A-AF24D54E1942}
	EndGlobalSection
EndGlobal
